// !$*UTF8*$!
{
	archiveVersion = 1;
	classes = {
	};
	objectVersion = 50;
	objects = {

/* Begin PBXBuildFile section */
		CB207BF42490741E003BFED9 /* AppDelegate.m in Sources */ = {isa = PBXBuildFile; fileRef = CB207BF32490741E003BFED9 /* AppDelegate.m */; };
		CB207BF72490741E003BFED9 /* SceneDelegate.m in Sources */ = {isa = PBXBuildFile; fileRef = CB207BF62490741E003BFED9 /* SceneDelegate.m */; };
		CB207BFA2490741E003BFED9 /* ViewController.m in Sources */ = {isa = PBXBuildFile; fileRef = CB207BF92490741E003BFED9 /* ViewController.m */; };
		CB207BFD2490741E003BFED9 /* Main.storyboard in Resources */ = {isa = PBXBuildFile; fileRef = CB207BFB2490741E003BFED9 /* Main.storyboard */; };
		CB207BFF2490741E003BFED9 /* Assets.xcassets in Resources */ = {isa = PBXBuildFile; fileRef = CB207BFE2490741E003BFED9 /* Assets.xcassets */; };
		CB207C022490741E003BFED9 /* LaunchScreen.storyboard in Resources */ = {isa = PBXBuildFile; fileRef = CB207C002490741E003BFED9 /* LaunchScreen.storyboard */; };
		CB207C052490741E003BFED9 /* main.m in Sources */ = {isa = PBXBuildFile; fileRef = CB207C042490741E003BFED9 /* main.m */; };
		CB207C0E2490742B003BFED9 /* AlertHelp.m in Sources */ = {isa = PBXBuildFile; fileRef = CB207C0D2490742B003BFED9 /* AlertHelp.m */; };
/* End PBXBuildFile section */

/* Begin PBXFileReference section */
		CB207BEF2490741E003BFED9 /* AlertHelpDemo.app */ = {isa = PBXFileReference; explicitFileType = wrapper.application; includeInIndex = 0; path = AlertHelpDemo.app; sourceTree = BUILT_PRODUCTS_DIR; };
		CB207BF22490741E003BFED9 /* AppDelegate.h */ = {isa = PBXFileReference; lastKnownFileType = sourcecode.c.h; path = AppDelegate.h; sourceTree = "<group>"; };
		CB207BF32490741E003BFED9 /* AppDelegate.m */ = {isa = PBXFileReference; lastKnownFileType = sourcecode.c.objc; path = AppDelegate.m; sourceTree = "<group>"; };
		CB207BF52490741E003BFED9 /* SceneDelegate.h */ = {isa = PBXFileReference; lastKnownFileType = sourcecode.c.h; path = SceneDelegate.h; sourceTree = "<group>"; };
		CB207BF62490741E003BFED9 /* SceneDelegate.m */ = {isa = PBXFileReference; lastKnownFileType = sourcecode.c.objc; path = SceneDelegate.m; sourceTree = "<group>"; };
		CB207BF82490741E003BFED9 /* ViewController.h */ = {isa = PBXFileReference; lastKnownFileType = sourcecode.c.h; path = ViewController.h; sourceTree = "<group>"; };
		CB207BF92490741E003BFED9 /* ViewController.m */ = {isa = PBXFileReference; lastKnownFileType = sourcecode.c.objc; path = ViewController.m; sourceTree = "<group>"; };
		CB207BFC2490741E003BFED9 /* Base */ = {isa = PBXFileReference; lastKnownFileType = file.storyboard; name = Base; path = Base.lproj/Main.storyboard; sourceTree = "<group>"; };
		CB207BFE2490741E003BFED9 /* Assets.xcassets */ = {isa = PBXFileReference; lastKnownFileType = folder.assetcatalog; path = Assets.xcassets; sourceTree = "<group>"; };
		CB207C012490741E003BFED9 /* Base */ = {isa = PBXFileReference; lastKnownFileType = file.storyboard; name = Base; path = Base.lproj/LaunchScreen.storyboard; sourceTree = "<group>"; };
		CB207C032490741E003BFED9 /* Info.plist */ = {isa = PBXFileReference; lastKnownFileType = text.plist.xml; path = Info.plist; sourceTree = "<group>"; };
		CB207C042490741E003BFED9 /* main.m */ = {isa = PBXFileReference; lastKnownFileType = sourcecode.c.objc; path = main.m; sourceTree = "<group>"; };
		CB207C0C2490742B003BFED9 /* AlertHelp.h */ = {isa = PBXFileReference; fileEncoding = 4; lastKnownFileType = sourcecode.c.h; path = AlertHelp.h; sourceTree = "<group>"; };
		CB207C0D2490742B003BFED9 /* AlertHelp.m */ = {isa = PBXFileReference; fileEncoding = 4; lastKnownFileType = sourcecode.c.objc; path = AlertHelp.m; sourceTree = "<group>"; };
/* End PBXFileReference section */

/* Begin PBXFrameworksBuildPhase section */
		CB207BEC2490741E003BFED9 /* Frameworks */ = {
			isa = PBXFrameworksBuildPhase;
			buildActionMask = 2147483647;
			files = (
			);
			runOnlyForDeploymentPostprocessing = 0;
		};
/* End PBXFrameworksBuildPhase section */

/* Begin PBXGroup section */
		CB207BE62490741E003BFED9 = {
			isa = PBXGroup;
			children = (
				CB207BF12490741E003BFED9 /* AlertHelpDemo */,
				CB207BF02490741E003BFED9 /* Products */,
			);
			sourceTree = "<group>";
		};
		CB207BF02490741E003BFED9 /* Products */ = {
			isa = PBXGroup;
			children = (
				CB207BEF2490741E003BFED9 /* AlertHelpDemo.app */,
			);
			name = Products;
			sourceTree = "<group>";
		};
		CB207BF12490741E003BFED9 /* AlertHelpDemo */ = {
			isa = PBXGroup;
			children = (
				CB207C0B2490742B003BFED9 /* AlertHelp */,
				CB207BF22490741E003BFED9 /* AppDelegate.h */,
				CB207BF32490741E003BFED9 /* AppDelegate.m */,
				CB207BF52490741E003BFED9 /* SceneDelegate.h */,
				CB207BF62490741E003BFED9 /* SceneDelegate.m */,
				CB207BF82490741E003BFED9 /* ViewController.h */,
				CB207BF92490741E003BFED9 /* ViewController.m */,
				CB207BFB2490741E003BFED9 /* Main.storyboard */,
				CB207BFE2490741E003BFED9 /* Assets.xcassets */,
				CB207C002490741E003BFED9 /* LaunchScreen.storyboard */,
				CB207C032490741E003BFED9 /* Info.plist */,
				CB207C042490741E003BFED9 /* main.m */,
			);
			path = AlertHelpDemo;
			sourceTree = "<group>";
		};
		CB207C0B2490742B003BFED9 /* AlertHelp */ = {
			isa = PBXGroup;
			children = (
				CB207C0C2490742B003BFED9 /* AlertHelp.h */,
				CB207C0D2490742B003BFED9 /* AlertHelp.m */,
			);
			path = AlertHelp;
			sourceTree = "<group>";
		};
/* End PBXGroup section */

/* Begin PBXNativeTarget section */
		CB207BEE2490741E003BFED9 /* AlertHelpDemo */ = {
			isa = PBXNativeTarget;
			buildConfigurationList = CB207C082490741E003BFED9 /* Build configuration list for PBXNativeTarget "AlertHelpDemo" */;
			buildPhases = (
				CB207BEB2490741E003BFED9 /* Sources */,
				CB207BEC2490741E003BFED9 /* Frameworks */,
				CB207BED2490741E003BFED9 /* Resources */,
			);
			buildRules = (
			);
			dependencies = (
			);
			name = AlertHelpDemo;
			productName = AlertHelpDemo;
			productReference = CB207BEF2490741E003BFED9 /* AlertHelpDemo.app */;
			productType = "com.apple.product-type.application";
		};
/* End PBXNativeTarget section */

/* Begin PBXProject section */
		CB207BE72490741E003BFED9 /* Project object */ = {
			isa = PBXProject;
			attributes = {
				LastUpgradeCheck = 1150;
				ORGANIZATIONNAME = Mr.Han;
				TargetAttributes = {
					CB207BEE2490741E003BFED9 = {
						CreatedOnToolsVersion = 11.5;
					};
				};
			};
			buildConfigurationList = CB207BEA2490741E003BFED9 /* Build configuration list for PBXProject "AlertHelpDemo" */;
			compatibilityVersion = "Xcode 9.3";
			developmentRegion = en;
			hasScannedForEncodings = 0;
			knownRegions = (
				en,
				Base,
			);
			mainGroup = CB207BE62490741E003BFED9;
			productRefGroup = CB207BF02490741E003BFED9 /* Products */;
			projectDirPath = "";
			projectRoot = "";
			targets = (
				CB207BEE2490741E003BFED9 /* AlertHelpDemo */,
			);
		};
/* End PBXProject section */

/* Begin PBXResourcesBuildPhase section */
		CB207BED2490741E003BFED9 /* Resources */ = {
			isa = PBXResourcesBuildPhase;
			buildActionMask = 2147483647;
			files = (
				CB207C022490741E003BFED9 /* LaunchScreen.storyboard in Resources */,
				CB207BFF2490741E003BFED9 /* Assets.xcassets in Resources */,
				CB207BFD2490741E003BFED9 /* Main.storyboard in Resources */,
			);
			runOnlyForDeploymentPostprocessing = 0;
		};
/* End PBXResourcesBuildPhase section */

/* Begin PBXSourcesBuildPhase section */
		CB207BEB2490741E003BFED9 /* Sources */ = {
			isa = PBXSourcesBuildPhase;
			buildActionMask = 2147483647;
			files = (
				CB207BFA2490741E003BFED9 /* ViewController.m in Sources */,
				CB207BF42490741E003BFED9 /* AppDelegate.m in Sources */,
				CB207C052490741E003BFED9 /* main.m in Sources */,
				CB207BF72490741E003BFED9 /* SceneDelegate.m in Sources */,
				CB207C0E2490742B003BFED9 /* AlertHelp.m in Sources */,
			);
			runOnlyForDeploymentPostprocessing = 0;
		};
/* End PBXSourcesBuildPhase section */

/* Begin PBXVariantGroup section */
		CB207BFB2490741E003BFED9 /* Main.storyboard */ = {
			isa = PBXVariantGroup;
			children = (
				CB207BFC2490741E003BFED9 /* Base */,
			);
			name = Main.storyboard;
			sourceTree = "<group>";
		};
		CB207C002490741E003BFED9 /* LaunchScreen.storyboard */ = {
			isa = PBXVariantGroup;
			children = (
				CB207C012490741E003BFED9 /* Base */,
			);
			name = LaunchScreen.storyboard;
			sourceTree = "<group>";
		};
/* End PBXVariantGroup section */

/* Begin XCBuildConfiguration section */
		CB207C062490741E003BFED9 /* Debug */ = {
			isa = XCBuildConfiguration;
			buildSettings = {
				ALWAYS_SEARCH_USER_PATHS = NO;
				CLANG_ANALYZER_NONNULL = YES;
				CLANG_ANALYZER_NUMBER_OBJECT_CONVERSION = YES_AGGRESSIVE;
				CLANG_CXX_LANGUAGE_STANDARD = "gnu++14";
				CLANG_CXX_LIBRARY = "libc++";
				CLANG_ENABLE_MODULES = YES;
				CLANG_ENABLE_OBJC_ARC = YES;
				CLANG_ENABLE_OBJC_WEAK = YES;
				CLANG_WARN_BLOCK_CAPTURE_AUTORELEASING = YES;
				CLANG_WARN_BOOL_CONVERSION = YES;
				CLANG_WARN_COMMA = YES;
				CLANG_WARN_CONSTANT_CONVERSION = YES;
				CLANG_WARN_DEPRECATED_OBJC_IMPLEMENTATIONS = YES;
				CLANG_WARN_DIRECT_OBJC_ISA_USAGE = YES_ERROR;
				CLANG_WARN_DOCUMENTATION_COMMENTS = YES;
				CLANG_WARN_EMPTY_BODY = YES;
				CLANG_WARN_ENUM_CONVERSION = YES;
				CLANG_WARN_INFINITE_RECURSION = YES;
				CLANG_WARN_INT_CONVERSION = YES;
				CLANG_WARN_NON_LITERAL_NULL_CONVERSION = YES;
				CLANG_WARN_OBJC_IMPLICIT_RETAIN_SELF = YES;
				CLANG_WARN_OBJC_LITERAL_CONVERSION = YES;
				CLANG_WARN_OBJC_ROOT_CLASS = YES_ERROR;
				CLANG_WARN_RANGE_LOOP_ANALYSIS = YES;
				CLANG_WARN_STRICT_PROTOTYPES = YES;
				CLANG_WARN_SUSPICIOUS_MOVE = YES;
				CLANG_WARN_UNGUARDED_AVAILABILITY = YES_AGGRESSIVE;
				CLANG_WARN_UNREACHABLE_CODE = YES;
				CLANG_WARN__DUPLICATE_METHOD_MATCH = YES;
				COPY_PHASE_STRIP = NO;
				DEBUG_INFORMATION_FORMAT = dwarf;
				ENABLE_STRICT_OBJC_MSGSEND = YES;
				ENABLE_TESTABILITY = YES;
				GCC_C_LANGUAGE_STANDARD = gnu11;
				GCC_DYNAMIC_NO_PIC = NO;
				GCC_NO_COMMON_BLOCKS = YES;
				GCC_OPTIMIZATION_LEVEL = 0;
				GCC_PREPROCESSOR_DEFINITIONS = (
					"DEBUG=1",
					"$(inherited)",
				);
				GCC_WARN_64_TO_32_BIT_CONVERSION = YES;
				GCC_WARN_ABOUT_RETURN_TYPE = YES_ERROR;
				GCC_WARN_UNDECLARED_SELECTOR = YES;
				GCC_WARN_UNINITIALIZED_AUTOS = YES_AGGRESSIVE;
				GCC_WARN_UNUSED_FUNCTION = YES;
				GCC_WARN_UNUSED_VARIABLE = YES;
				IPHONEOS_DEPLOYMENT_TARGET = 13.5;
				MTL_ENABLE_DEBUG_INFO = INCLUDE_SOURCE;
				MTL_FAST_MATH = YES;
				ONLY_ACTIVE_ARCH = YES;
				SDKROOT = iphoneos;
			};
			name = Debug;
		};
		CB207C072490741E003BFED9 /* Release */ = {
			isa = XCBuildConfiguration;
			buildSettings = {
				ALWAYS_SEARCH_USER_PATHS = NO;
				CLANG_ANALYZER_NONNULL = YES;
				CLANG_ANALYZER_NUMBER_OBJECT_CONVERSION = YES_AGGRESSIVE;
				CLANG_CXX_LANGUAGE_STANDARD = "gnu++14";
				CLANG_CXX_LIBRARY = "libc++";
				CLANG_ENABLE_MODULES = YES;
				CLANG_ENABLE_OBJC_ARC = YES;
				CLANG_ENABLE_OBJC_WEAK = YES;
				CLANG_WARN_BLOCK_CAPTURE_AUTORELEASING = YES;
				CLANG_WARN_BOOL_CONVERSION = YES;
				CLANG_WARN_COMMA = YES;
				CLANG_WARN_CONSTANT_CONVERSION = YES;
				CLANG_WARN_DEPRECATED_OBJC_IMPLEMENTATIONS = YES;
				CLANG_WARN_DIRECT_OBJC_ISA_USAGE = YES_ERROR;
				CLANG_WARN_DOCUMENTATION_COMMENTS = YES;
				CLANG_WARN_EMPTY_BODY = YES;
				CLANG_WARN_ENUM_CONVERSION = YES;
				CLANG_WARN_INFINITE_RECURSION = YES;
				CLANG_WARN_INT_CONVERSION = YES;
				CLANG_WARN_NON_LITERAL_NULL_CONVERSION = YES;
				CLANG_WARN_OBJC_IMPLICIT_RETAIN_SELF = YES;
				CLANG_WARN_OBJC_LITERAL_CONVERSION = YES;
				CLANG_WARN_OBJC_ROOT_CLASS = YES_ERROR;
				CLANG_WARN_RANGE_LOOP_ANALYSIS = YES;
				CLANG_WARN_STRICT_PROTOTYPES = YES;
				CLANG_WARN_SUSPICIOUS_MOVE = YES;
				CLANG_WARN_UNGUARDED_AVAILABILITY = YES_AGGRESSIVE;
				CLANG_WARN_UNREACHABLE_CODE = YES;
				CLANG_WARN__DUPLICATE_METHOD_MATCH = YES;
				COPY_PHASE_STRIP = NO;
				DEBUG_INFORMATION_FORMAT = "dwarf-with-dsym";
				ENABLE_NS_ASSERTIONS = NO;
				ENABLE_STRICT_OBJC_MSGSEND = YES;
				GCC_C_LANGUAGE_STANDARD = gnu11;
				GCC_NO_COMMON_BLOCKS = YES;
				GCC_WARN_64_TO_32_BIT_CONVERSION = YES;
				GCC_WARN_ABOUT_RETURN_TYPE = YES_ERROR;
				GCC_WARN_UNDECLARED_SELECTOR = YES;
				GCC_WARN_UNINITIALIZED_AUTOS = YES_AGGRESSIVE;
				GCC_WARN_UNUSED_FUNCTION = YES;
				GCC_WARN_UNUSED_VARIABLE = YES;
				IPHONEOS_DEPLOYMENT_TARGET = 13.5;
				MTL_ENABLE_DEBUG_INFO = NO;
				MTL_FAST_MATH = YES;
				SDKROOT = iphoneos;
				VALIDATE_PRODUCT = YES;
			};
			name = Release;
		};
		CB207C092490741E003BFED9 /* Debug */ = {
			isa = XCBuildConfiguration;
			buildSettings = {
				ASSETCATALOG_COMPILER_APPICON_NAME = AppIcon;
				CODE_SIGN_STYLE = Automatic;
				DEVELOPMENT_TEAM = KZZ7R63RY8;
				INFOPLIST_FILE = AlertHelpDemo/Info.plist;
				LD_RUNPATH_SEARCH_PATHS = (
					"$(inherited)",
					"@executable_path/Frameworks",
				);
				PRODUCT_BUNDLE_IDENTIFIER = com.ruiwenjy.AlertHelpDemo;
				PRODUCT_NAME = "$(TARGET_NAME)";
				TARGETED_DEVICE_FAMILY = "1,2";
			};
			name = Debug;
		};
		CB207C0A2490741E003BFED9 /* Release */ = {
			isa = XCBuildConfiguration;
			buildSettings = {
				ASSETCATALOG_COMPILER_APPICON_NAME = AppIcon;
				CODE_SIGN_STYLE = Automatic;
				DEVELOPMENT_TEAM = KZZ7R63RY8;
				INFOPLIST_FILE = AlertHelpDemo/Info.plist;
				LD_RUNPATH_SEARCH_PATHS = (
					"$(inherited)",
					"@executable_path/Frameworks",
				);
				PRODUCT_BUNDLE_IDENTIFIER = com.ruiwenjy.AlertHelpDemo;
				PRODUCT_NAME = "$(TARGET_NAME)";
				TARGETED_DEVICE_FAMILY = "1,2";
			};
			name = Release;
		};
/* End XCBuildConfiguration section */

/* Begin XCConfigurationList section */
		CB207BEA2490741E003BFED9 /* Build configuration list for PBXProject "AlertHelpDemo" */ = {
			isa = XCConfigurationList;
			buildConfigurations = (
				CB207C062490741E003BFED9 /* Debug */,
				CB207C072490741E003BFED9 /* Release */,
			);
			defaultConfigurationIsVisible = 0;
			defaultConfigurationName = Release;
		};
		CB207C082490741E003BFED9 /* Build configuration list for PBXNativeTarget "AlertHelpDemo" */ = {
			isa = XCConfigurationList;
			buildConfigurations = (
				CB207C092490741E003BFED9 /* Debug */,
				CB207C0A2490741E003BFED9 /* Release */,
			);
			defaultConfigurationIsVisible = 0;
			defaultConfigurationName = Release;
		};
/* End XCConfigurationList section */
	};
	rootObject = CB207BE72490741E003BFED9 /* Project object */;
}
